
Microsoft Visual Studio Solution File, Format Version 12.00
# Visual Studio Version 17
VisualStudioVersion = 17.3.32922.545
MinimumVisualStudioVersion = 10.0.40219.1
Project("{2150E333-8FDC-42A3-9474-1A3956D46DE8}") = "lib", "lib", "{5F52B334-24A6-4A8E-A128-BF60ADF7C17C}"
EndProject
Project("{2150E333-8FDC-42A3-9474-1A3956D46DE8}") = ".net", ".net", "{C7A5E89A-7AFA-441F-8357-4E7B7B8AE61A}"
EndProject
Project("{2150E333-8FDC-42A3-9474-1A3956D46DE8}") = "rust", "rust", "{19F14046-FBCC-4C48-B68E-345D80644F29}"
EndProject
Project("{2150E333-8FDC-42A3-9474-1A3956D46DE8}") = "cpuid", "cpuid", "{580BA448-D4D2-48B7-98FF-C55C1AE4C34C}"
	ProjectSection(SolutionItems) = preProject
		src\lib\rust\cpuid.md = src\lib\rust\cpuid.md
		src\lib\rust\cpuid.txt = src\lib\rust\cpuid.txt
	EndProjectSection
EndProject
Project("{2150E333-8FDC-42A3-9474-1A3956D46DE8}") = "iTin.Core", "iTin.Core", "{74ECA1CA-CDFE-4E0E-B61A-B17042D4F19D}"
EndProject
Project("{2150E333-8FDC-42A3-9474-1A3956D46DE8}") = "iTin.Core.Hardware", "iTin.Core.Hardware", "{11E0837D-6001-414A-88EC-70DF5899BC19}"
EndProject
Project("{2150E333-8FDC-42A3-9474-1A3956D46DE8}") = "iTin.Core", "iTin.Core", "{CA765D0F-855F-47AE-94FB-F87F977BF6F9}"
EndProject
Project("{2150E333-8FDC-42A3-9474-1A3956D46DE8}") = "iTin.Core.Interop", "iTin.Core.Interop", "{C13A95AE-0996-4079-9348-F174705E1513}"
EndProject
Project("{2150E333-8FDC-42A3-9474-1A3956D46DE8}") = "iTin.Core.Interop.CrossPlatform", "iTin.Core.Interop.CrossPlatform", "{25B9510F-FCF9-41EE-87FB-C890D81E5ADA}"
EndProject
Project("{2150E333-8FDC-42A3-9474-1A3956D46DE8}") = "iTin.Logging", "iTin.Logging", "{3B26CD98-6EFC-4C82-A943-76F4DD9E5104}"
EndProject
Project("{9A19103F-16F7-4668-BE54-9A1E7A4F7556}") = "iTin.Core.Interop.CrossPlatform.Cpuid", "src\lib\net\iTin.Core\iTin.Core.Interop\iTin.Core.Interop.CrossPlatform\iTin.Core.Interop.CrossPlatform.Cpuid.csproj", "{55D4E0B7-B35A-4D2F-B39A-435CC86A9E34}"
EndProject
Project("{2150E333-8FDC-42A3-9474-1A3956D46DE8}") = "iTin.Core.Hardware.CrossPlatform", "iTin.Core.Hardware.CrossPlatform", "{FADEC9DF-8879-4232-A4BA-C5FE556687D4}"
EndProject
Project("{2150E333-8FDC-42A3-9474-1A3956D46DE8}") = "iTin.Hardware", "iTin.Hardware", "{02D02F89-9E9B-46DC-92D9-4EA6B76EA5A4}"
EndProject
Project("{2150E333-8FDC-42A3-9474-1A3956D46DE8}") = "iTin.Hardware.Specification", "iTin.Hardware.Specification", "{42A5928F-5838-4666-9233-29CD25E3B332}"
EndProject
Project("{2150E333-8FDC-42A3-9474-1A3956D46DE8}") = "iTin.Hardware.Specification.Cpuid", "iTin.Hardware.Specification.Cpuid", "{2B59E4F2-63ED-451E-A129-0F1BB120C489}"
EndProject
Project("{2150E333-8FDC-42A3-9474-1A3956D46DE8}") = "test", "test", "{9CC3D223-429B-4F9C-AFB1-62DB5C7AA537}"
EndProject
Project("{2150E333-8FDC-42A3-9474-1A3956D46DE8}") = "iTin.Core.Hardware.Common", "iTin.Core.Hardware.Common", "{4E03C3BF-2594-42DB-A37B-21EC35A99CB5}"
EndProject
Project("{2150E333-8FDC-42A3-9474-1A3956D46DE8}") = "iTin.Core.Hardware.CrossPlatform.Cpuid", "iTin.Core.Hardware.CrossPlatform.Cpuid", "{D0D5F9EE-6B8D-4FF7-A623-409F6FBE51F5}"
EndProject
Project("{9A19103F-16F7-4668-BE54-9A1E7A4F7556}") = "iTin.Core.Hardware.CrossPlatform.Cpuid", "src\lib\net\iTin.Core\iTin.Core.Hardware\iTin.Core.Hardware.CrossPlatform\iTin.Core.Hardware.CrossPlatform.Cpuid\iTin.Core.Hardware.CrossPlatform.Cpuid.csproj", "{CC6D9BFD-6920-43D5-84E6-DF24D931F5F8}"
EndProject
Project("{2150E333-8FDC-42A3-9474-1A3956D46DE8}") = "iTin.Core.Interop.Shared", "iTin.Core.Interop.Shared", "{EBA7075B-AF98-4C89-905F-FE3010B8D3FA}"
EndProject
Project("{2150E333-8FDC-42A3-9474-1A3956D46DE8}") = "iTin.Core.Interop.CrossPlatform.Cpuid", "iTin.Core.Interop.CrossPlatform.Cpuid", "{E6EB9826-588E-4916-BE84-1829B3FF20B9}"
EndProject
Project("{2150E333-8FDC-42A3-9474-1A3956D46DE8}") = "FullFramework", "FullFramework", "{36EE8C99-8A50-4B89-AB85-62889B7736EE}"
EndProject
Project("{2150E333-8FDC-42A3-9474-1A3956D46DE8}") = "NetCore", "NetCore", "{46DC7660-8AC5-496D-A9AC-CC32176C9D7D}"
EndProject
Project("{FAE04EC0-301F-11D3-BF4B-00C04F79EFBC}") = "iCPUID.ConsoleApp", "src\test\FullFramework\iCPUID.ConsoleApp\iCPUID.ConsoleApp.csproj", "{212B28B4-CD31-4B9E-BB45-82A8F34940C8}"
EndProject
Project("{9A19103F-16F7-4668-BE54-9A1E7A4F7556}") = "iCPUID.ConsoleAppCore31", "src\test\NetCore\iCPUID.ConsoleAppCore31\iCPUID.ConsoleAppCore31.csproj", "{44086DA6-21AF-440C-BE21-EBC50B404CB8}"
EndProject
Project("{9A19103F-16F7-4668-BE54-9A1E7A4F7556}") = "iCPUID.ConsoleAppCore60", "src\test\NetCore\iCPUID.ConsoleAppCore60\iCPUID.ConsoleAppCore60.csproj", "{9B3AC995-5841-4FE1-9209-E65404138EF3}"
EndProject
Project("{9A19103F-16F7-4668-BE54-9A1E7A4F7556}") = "iTin.Hardware.Specification.Cpuid", "src\lib\net\iTin.Hardware\iTin.Hardware.Specification.Cpuid\iTin.Hardware.Specification.Cpuid.csproj", "{94391F2E-D57E-4284-8D57-FB8EE9730757}"
EndProject
Project("{9A19103F-16F7-4668-BE54-9A1E7A4F7556}") = "iTin.Logging", "..\iTin\iTin.Logging\src\iTin.Logging.csproj", "{7EF7A3AA-D7FF-46FB-BE67-3627A57E1279}"
EndProject
Project("{9A19103F-16F7-4668-BE54-9A1E7A4F7556}") = "iTin.Core", "..\iTin\iTin.Core\iTin.Core\src\iTin.Core.csproj", "{ADE5D508-BA17-4757-B7E2-8CDFAF151140}"
EndProject
Project("{9A19103F-16F7-4668-BE54-9A1E7A4F7556}") = "iTin.Core.Interop.Shared", "..\iTin\iTin.Core\iTin.Core.Interop.Shared\src\iTin.Core.Interop.Shared.csproj", "{165AC5C6-10DC-47F6-B3BD-9E5D390EAEA8}"
EndProject
Project("{9A19103F-16F7-4668-BE54-9A1E7A4F7556}") = "iTin.Core.Hardware.Common", "..\iTin\iTin.Core\iTin.Core.Hardware.Common\src\iTin.Core.Hardware.Common.csproj", "{7FD11BC8-5B3B-4CA4-85A1-5F90CA3495C0}"
EndProject
Global
	GlobalSection(SolutionConfigurationPlatforms) = preSolution
		Debug|Any CPU = Debug|Any CPU
		Release|Any CPU = Release|Any CPU
	EndGlobalSection
	GlobalSection(ProjectConfigurationPlatforms) = postSolution
		{55D4E0B7-B35A-4D2F-B39A-435CC86A9E34}.Debug|Any CPU.ActiveCfg = Debug|Any CPU
		{55D4E0B7-B35A-4D2F-B39A-435CC86A9E34}.Debug|Any CPU.Build.0 = Debug|Any CPU
		{55D4E0B7-B35A-4D2F-B39A-435CC86A9E34}.Release|Any CPU.ActiveCfg = Release|Any CPU
		{55D4E0B7-B35A-4D2F-B39A-435CC86A9E34}.Release|Any CPU.Build.0 = Release|Any CPU
		{CC6D9BFD-6920-43D5-84E6-DF24D931F5F8}.Debug|Any CPU.ActiveCfg = Debug|Any CPU
		{CC6D9BFD-6920-43D5-84E6-DF24D931F5F8}.Debug|Any CPU.Build.0 = Debug|Any CPU
		{CC6D9BFD-6920-43D5-84E6-DF24D931F5F8}.Release|Any CPU.ActiveCfg = Release|Any CPU
		{CC6D9BFD-6920-43D5-84E6-DF24D931F5F8}.Release|Any CPU.Build.0 = Release|Any CPU
		{212B28B4-CD31-4B9E-BB45-82A8F34940C8}.Debug|Any CPU.ActiveCfg = Debug|Any CPU
		{212B28B4-CD31-4B9E-BB45-82A8F34940C8}.Debug|Any CPU.Build.0 = Debug|Any CPU
		{212B28B4-CD31-4B9E-BB45-82A8F34940C8}.Release|Any CPU.ActiveCfg = Release|Any CPU
		{212B28B4-CD31-4B9E-BB45-82A8F34940C8}.Release|Any CPU.Build.0 = Release|Any CPU
		{44086DA6-21AF-440C-BE21-EBC50B404CB8}.Debug|Any CPU.ActiveCfg = Debug|Any CPU
		{44086DA6-21AF-440C-BE21-EBC50B404CB8}.Debug|Any CPU.Build.0 = Debug|Any CPU
		{44086DA6-21AF-440C-BE21-EBC50B404CB8}.Release|Any CPU.ActiveCfg = Release|Any CPU
		{44086DA6-21AF-440C-BE21-EBC50B404CB8}.Release|Any CPU.Build.0 = Release|Any CPU
		{9B3AC995-5841-4FE1-9209-E65404138EF3}.Debug|Any CPU.ActiveCfg = Debug|Any CPU
		{9B3AC995-5841-4FE1-9209-E65404138EF3}.Debug|Any CPU.Build.0 = Debug|Any CPU
		{9B3AC995-5841-4FE1-9209-E65404138EF3}.Release|Any CPU.ActiveCfg = Release|Any CPU
		{9B3AC995-5841-4FE1-9209-E65404138EF3}.Release|Any CPU.Build.0 = Release|Any CPU
		{94391F2E-D57E-4284-8D57-FB8EE9730757}.Debug|Any CPU.ActiveCfg = Debug|Any CPU
		{94391F2E-D57E-4284-8D57-FB8EE9730757}.Debug|Any CPU.Build.0 = Debug|Any CPU
		{94391F2E-D57E-4284-8D57-FB8EE9730757}.Release|Any CPU.ActiveCfg = Release|Any CPU
		{94391F2E-D57E-4284-8D57-FB8EE9730757}.Release|Any CPU.Build.0 = Release|Any CPU
		{7EF7A3AA-D7FF-46FB-BE67-3627A57E1279}.Debug|Any CPU.ActiveCfg = Debug|Any CPU
		{7EF7A3AA-D7FF-46FB-BE67-3627A57E1279}.Debug|Any CPU.Build.0 = Debug|Any CPU
		{7EF7A3AA-D7FF-46FB-BE67-3627A57E1279}.Release|Any CPU.ActiveCfg = Release|Any CPU
		{7EF7A3AA-D7FF-46FB-BE67-3627A57E1279}.Release|Any CPU.Build.0 = Release|Any CPU
		{ADE5D508-BA17-4757-B7E2-8CDFAF151140}.Debug|Any CPU.ActiveCfg = Debug|Any CPU
		{ADE5D508-BA17-4757-B7E2-8CDFAF151140}.Debug|Any CPU.Build.0 = Debug|Any CPU
		{ADE5D508-BA17-4757-B7E2-8CDFAF151140}.Release|Any CPU.ActiveCfg = Release|Any CPU
		{ADE5D508-BA17-4757-B7E2-8CDFAF151140}.Release|Any CPU.Build.0 = Release|Any CPU
		{165AC5C6-10DC-47F6-B3BD-9E5D390EAEA8}.Debug|Any CPU.ActiveCfg = Debug|Any CPU
		{165AC5C6-10DC-47F6-B3BD-9E5D390EAEA8}.Debug|Any CPU.Build.0 = Debug|Any CPU
		{165AC5C6-10DC-47F6-B3BD-9E5D390EAEA8}.Release|Any CPU.ActiveCfg = Release|Any CPU
		{165AC5C6-10DC-47F6-B3BD-9E5D390EAEA8}.Release|Any CPU.Build.0 = Release|Any CPU
		{7FD11BC8-5B3B-4CA4-85A1-5F90CA3495C0}.Debug|Any CPU.ActiveCfg = Debug|Any CPU
		{7FD11BC8-5B3B-4CA4-85A1-5F90CA3495C0}.Debug|Any CPU.Build.0 = Debug|Any CPU
		{7FD11BC8-5B3B-4CA4-85A1-5F90CA3495C0}.Release|Any CPU.ActiveCfg = Release|Any CPU
		{7FD11BC8-5B3B-4CA4-85A1-5F90CA3495C0}.Release|Any CPU.Build.0 = Release|Any CPU
	EndGlobalSection
	GlobalSection(SolutionProperties) = preSolution
		HideSolutionNode = FALSE
	EndGlobalSection
	GlobalSection(NestedProjects) = preSolution
		{C7A5E89A-7AFA-441F-8357-4E7B7B8AE61A} = {5F52B334-24A6-4A8E-A128-BF60ADF7C17C}
		{19F14046-FBCC-4C48-B68E-345D80644F29} = {5F52B334-24A6-4A8E-A128-BF60ADF7C17C}
		{580BA448-D4D2-48B7-98FF-C55C1AE4C34C} = {19F14046-FBCC-4C48-B68E-345D80644F29}
		{74ECA1CA-CDFE-4E0E-B61A-B17042D4F19D} = {C7A5E89A-7AFA-441F-8357-4E7B7B8AE61A}
		{11E0837D-6001-414A-88EC-70DF5899BC19} = {74ECA1CA-CDFE-4E0E-B61A-B17042D4F19D}
		{CA765D0F-855F-47AE-94FB-F87F977BF6F9} = {74ECA1CA-CDFE-4E0E-B61A-B17042D4F19D}
		{C13A95AE-0996-4079-9348-F174705E1513} = {74ECA1CA-CDFE-4E0E-B61A-B17042D4F19D}
		{25B9510F-FCF9-41EE-87FB-C890D81E5ADA} = {C13A95AE-0996-4079-9348-F174705E1513}
		{3B26CD98-6EFC-4C82-A943-76F4DD9E5104} = {C7A5E89A-7AFA-441F-8357-4E7B7B8AE61A}
		{55D4E0B7-B35A-4D2F-B39A-435CC86A9E34} = {E6EB9826-588E-4916-BE84-1829B3FF20B9}
		{FADEC9DF-8879-4232-A4BA-C5FE556687D4} = {11E0837D-6001-414A-88EC-70DF5899BC19}
		{02D02F89-9E9B-46DC-92D9-4EA6B76EA5A4} = {C7A5E89A-7AFA-441F-8357-4E7B7B8AE61A}
		{42A5928F-5838-4666-9233-29CD25E3B332} = {02D02F89-9E9B-46DC-92D9-4EA6B76EA5A4}
		{2B59E4F2-63ED-451E-A129-0F1BB120C489} = {42A5928F-5838-4666-9233-29CD25E3B332}
		{4E03C3BF-2594-42DB-A37B-21EC35A99CB5} = {11E0837D-6001-414A-88EC-70DF5899BC19}
		{D0D5F9EE-6B8D-4FF7-A623-409F6FBE51F5} = {FADEC9DF-8879-4232-A4BA-C5FE556687D4}
		{CC6D9BFD-6920-43D5-84E6-DF24D931F5F8} = {D0D5F9EE-6B8D-4FF7-A623-409F6FBE51F5}
		{EBA7075B-AF98-4C89-905F-FE3010B8D3FA} = {C13A95AE-0996-4079-9348-F174705E1513}
		{E6EB9826-588E-4916-BE84-1829B3FF20B9} = {25B9510F-FCF9-41EE-87FB-C890D81E5ADA}
		{36EE8C99-8A50-4B89-AB85-62889B7736EE} = {9CC3D223-429B-4F9C-AFB1-62DB5C7AA537}
		{46DC7660-8AC5-496D-A9AC-CC32176C9D7D} = {9CC3D223-429B-4F9C-AFB1-62DB5C7AA537}
		{212B28B4-CD31-4B9E-BB45-82A8F34940C8} = {36EE8C99-8A50-4B89-AB85-62889B7736EE}
		{44086DA6-21AF-440C-BE21-EBC50B404CB8} = {46DC7660-8AC5-496D-A9AC-CC32176C9D7D}
		{9B3AC995-5841-4FE1-9209-E65404138EF3} = {46DC7660-8AC5-496D-A9AC-CC32176C9D7D}
		{94391F2E-D57E-4284-8D57-FB8EE9730757} = {2B59E4F2-63ED-451E-A129-0F1BB120C489}
		{7EF7A3AA-D7FF-46FB-BE67-3627A57E1279} = {3B26CD98-6EFC-4C82-A943-76F4DD9E5104}
		{ADE5D508-BA17-4757-B7E2-8CDFAF151140} = {CA765D0F-855F-47AE-94FB-F87F977BF6F9}
		{165AC5C6-10DC-47F6-B3BD-9E5D390EAEA8} = {EBA7075B-AF98-4C89-905F-FE3010B8D3FA}
		{7FD11BC8-5B3B-4CA4-85A1-5F90CA3495C0} = {4E03C3BF-2594-42DB-A37B-21EC35A99CB5}
	EndGlobalSection
	GlobalSection(ExtensibilityGlobals) = postSolution
		SolutionGuid = {865B30D7-C009-4E5F-AF69-2873D9859C1F}
	EndGlobalSection
EndGlobal
